// !$*UTF8*$!
{
	archiveVersion = 1;
	classes = {
	};
	objectVersion = 55;
	objects = {

/* Begin PBXBuildFile section */
		971D04EF2912F3B4009D1E93 /* HomeModels.swift in Sources */ = {isa = PBXBuildFile; fileRef = 971D04EE2912F3B4009D1E93 /* HomeModels.swift */; };
		971D04F12912F695009D1E93 /* HomeViewControllerTests.swift in Sources */ = {isa = PBXBuildFile; fileRef = 971D04F02912F695009D1E93 /* HomeViewControllerTests.swift */; };
		980D5748280DFF7700DDAF20 /* SampleRepositoryImpl.swift in Sources */ = {isa = PBXBuildFile; fileRef = 980D5734280DFF7700DDAF20 /* SampleRepositoryImpl.swift */; };
		980D5749280DFF7700DDAF20 /* SampleRequest.swift in Sources */ = {isa = PBXBuildFile; fileRef = 980D5735280DFF7700DDAF20 /* SampleRequest.swift */; };
		980D574A280DFF7700DDAF20 /* SampleApiDataSource.swift in Sources */ = {isa = PBXBuildFile; fileRef = 980D5736280DFF7700DDAF20 /* SampleApiDataSource.swift */; };
		980D574B280DFF7700DDAF20 /* SampleDataSource.swift in Sources */ = {isa = PBXBuildFile; fileRef = 980D5737280DFF7700DDAF20 /* SampleDataSource.swift */; };
		980D574C280DFF7700DDAF20 /* SampleResponse.swift in Sources */ = {isa = PBXBuildFile; fileRef = 980D5738280DFF7700DDAF20 /* SampleResponse.swift */; };
		980D574D280DFF7700DDAF20 /* SampleRepository.swift in Sources */ = {isa = PBXBuildFile; fileRef = 980D573B280DFF7700DDAF20 /* SampleRepository.swift */; };
		980D574E280DFF7700DDAF20 /* DataModel.swift in Sources */ = {isa = PBXBuildFile; fileRef = 980D573D280DFF7700DDAF20 /* DataModel.swift */; };
		980D574F280DFF7700DDAF20 /* GetDataUseCase.swift in Sources */ = {isa = PBXBuildFile; fileRef = 980D573F280DFF7700DDAF20 /* GetDataUseCase.swift */; };
		980D5750280DFF7700DDAF20 /* SampleInteractor.swift in Sources */ = {isa = PBXBuildFile; fileRef = 980D5741280DFF7700DDAF20 /* SampleInteractor.swift */; };
		980D5751280DFF7700DDAF20 /* SampleViewController.swift in Sources */ = {isa = PBXBuildFile; fileRef = 980D5742280DFF7700DDAF20 /* SampleViewController.swift */; };
		980D5752280DFF7700DDAF20 /* SamplePresenter.swift in Sources */ = {isa = PBXBuildFile; fileRef = 980D5743280DFF7700DDAF20 /* SamplePresenter.swift */; };
		980D5753280DFF7700DDAF20 /* SampleFeatureFactory.swift in Sources */ = {isa = PBXBuildFile; fileRef = 980D5744280DFF7700DDAF20 /* SampleFeatureFactory.swift */; };
		980D5754280DFF7700DDAF20 /* SampleUseCases.swift in Sources */ = {isa = PBXBuildFile; fileRef = 980D5745280DFF7700DDAF20 /* SampleUseCases.swift */; };
		980D5755280DFF7700DDAF20 /* SampleRouter.swift in Sources */ = {isa = PBXBuildFile; fileRef = 980D5746280DFF7700DDAF20 /* SampleRouter.swift */; };
		980D5756280DFF7700DDAF20 /* SampleView.swift in Sources */ = {isa = PBXBuildFile; fileRef = 980D5747280DFF7700DDAF20 /* SampleView.swift */; };
		980D575A280E010200DDAF20 /* FeatureFactory.swift in Sources */ = {isa = PBXBuildFile; fileRef = 980D5759280E010200DDAF20 /* FeatureFactory.swift */; };
		980D575C280E011A00DDAF20 /* ViewCode.swift in Sources */ = {isa = PBXBuildFile; fileRef = 980D575B280E011A00DDAF20 /* ViewCode.swift */; };
		980D575F280E015600DDAF20 /* NetworkError.swift in Sources */ = {isa = PBXBuildFile; fileRef = 980D575E280E015600DDAF20 /* NetworkError.swift */; };
		980D5761280E016C00DDAF20 /* URLSessionProtocol.swift in Sources */ = {isa = PBXBuildFile; fileRef = 980D5760280E016C00DDAF20 /* URLSessionProtocol.swift */; };
		980D5763280E018200DDAF20 /* NetworkManager.swift in Sources */ = {isa = PBXBuildFile; fileRef = 980D5762280E018200DDAF20 /* NetworkManager.swift */; };
		980D5765280E019D00DDAF20 /* NetworkRequest.swift in Sources */ = {isa = PBXBuildFile; fileRef = 980D5764280E019D00DDAF20 /* NetworkRequest.swift */; };
		980D5766280E077F00DDAF20 /* AddressView.swift in Sources */ = {isa = PBXBuildFile; fileRef = 98F12967272F30E500B88A87 /* AddressView.swift */; };
		980D5767280E079400DDAF20 /* SettingsView.swift in Sources */ = {isa = PBXBuildFile; fileRef = 98612706272F56AB0049403C /* SettingsView.swift */; };
		983271C1272752AF0010C63A /* HomeViewController.swift in Sources */ = {isa = PBXBuildFile; fileRef = 983271C0272752AF0010C63A /* HomeViewController.swift */; };
		983271C6272752B50010C63A /* Assets.xcassets in Resources */ = {isa = PBXBuildFile; fileRef = 983271C5272752B50010C63A /* Assets.xcassets */; };
		983271C9272752B50010C63A /* LaunchScreen.storyboard in Resources */ = {isa = PBXBuildFile; fileRef = 983271C7272752B50010C63A /* LaunchScreen.storyboard */; };
		983271D4272752B50010C63A /* DeliveryAppChallengeTests.swift in Sources */ = {isa = PBXBuildFile; fileRef = 983271D3272752B50010C63A /* DeliveryAppChallengeTests.swift */; };
		98EA055E272A0949007B0228 /* RestaurantListViewController.swift in Sources */ = {isa = PBXBuildFile; fileRef = 98EA055D272A0949007B0228 /* RestaurantListViewController.swift */; };
		98EA0561272A0963007B0228 /* RestaurantDetailsViewController.swift in Sources */ = {isa = PBXBuildFile; fileRef = 98EA0560272A0963007B0228 /* RestaurantDetailsViewController.swift */; };
		98F1296A272F327100B88A87 /* CategoryCellView.swift in Sources */ = {isa = PBXBuildFile; fileRef = 98F12969272F327100B88A87 /* CategoryCellView.swift */; };
		98F1296C272F328200B88A87 /* CategoryListView.swift in Sources */ = {isa = PBXBuildFile; fileRef = 98F1296B272F328200B88A87 /* CategoryListView.swift */; };
		98F12970272F41AE00B88A87 /* RestaurantCellView.swift in Sources */ = {isa = PBXBuildFile; fileRef = 98F1296F272F41AE00B88A87 /* RestaurantCellView.swift */; };
		98F12972272F41BE00B88A87 /* RestaurantListView.swift in Sources */ = {isa = PBXBuildFile; fileRef = 98F12971272F41BE00B88A87 /* RestaurantListView.swift */; };
		98F12975272F48E400B88A87 /* AddressCellView.swift in Sources */ = {isa = PBXBuildFile; fileRef = 98F12974272F48E400B88A87 /* AddressCellView.swift */; };
		98F1297B272F51AE00B88A87 /* SettingsViewController.swift in Sources */ = {isa = PBXBuildFile; fileRef = 98F1297A272F51AE00B88A87 /* SettingsViewController.swift */; };
		98FAF509280E08EC0075B35B /* AppDelegate.swift in Sources */ = {isa = PBXBuildFile; fileRef = 983271BC272752AF0010C63A /* AppDelegate.swift */; };
		98FAF50A280E08F90075B35B /* SceneDelegate.swift in Sources */ = {isa = PBXBuildFile; fileRef = 983271BE272752AF0010C63A /* SceneDelegate.swift */; };
		98FC5AAB2732B938002412EA /* RestaurantDetailsView.swift in Sources */ = {isa = PBXBuildFile; fileRef = 98FC5AAA2732B938002412EA /* RestaurantDetailsView.swift */; };
		98FC5AAE2732BA2E002412EA /* RestaurantInfoView.swift in Sources */ = {isa = PBXBuildFile; fileRef = 98FC5AAD2732BA2E002412EA /* RestaurantInfoView.swift */; };
		98FC5AB12732BB7D002412EA /* RatingView.swift in Sources */ = {isa = PBXBuildFile; fileRef = 98FC5AB02732BB7D002412EA /* RatingView.swift */; };
		98FC5AB42732BFC8002412EA /* MenuListView.swift in Sources */ = {isa = PBXBuildFile; fileRef = 98FC5AB32732BFC8002412EA /* MenuListView.swift */; };
		98FC5AB62732BFDA002412EA /* MenuCellView.swift in Sources */ = {isa = PBXBuildFile; fileRef = 98FC5AB52732BFDA002412EA /* MenuCellView.swift */; };
		98FC5AB82732C1EF002412EA /* MenuItemView.swift in Sources */ = {isa = PBXBuildFile; fileRef = 98FC5AB72732C1EF002412EA /* MenuItemView.swift */; };
		F86418EA291AB17B00DB3CA4 /* RestaurantListAssembler.swift in Sources */ = {isa = PBXBuildFile; fileRef = F86418E9291AB17B00DB3CA4 /* RestaurantListAssembler.swift */; };
		F86418F4291D6A1900DB3CA4 /* CategoryListViewController.swift in Sources */ = {isa = PBXBuildFile; fileRef = F86418F3291D6A1900DB3CA4 /* CategoryListViewController.swift */; };
		F86418F6291D6A2100DB3CA4 /* CategoryListInteractor.swift in Sources */ = {isa = PBXBuildFile; fileRef = F86418F5291D6A2100DB3CA4 /* CategoryListInteractor.swift */; };
		F86418F8291D6A2800DB3CA4 /* CategoryListPresenter.swift in Sources */ = {isa = PBXBuildFile; fileRef = F86418F7291D6A2800DB3CA4 /* CategoryListPresenter.swift */; };
		F86418FA291D70F400DB3CA4 /* CategoryListUseCases.swift in Sources */ = {isa = PBXBuildFile; fileRef = F86418F9291D70F400DB3CA4 /* CategoryListUseCases.swift */; };
		F86418FC291D72FF00DB3CA4 /* CategoryListAssembler.swift in Sources */ = {isa = PBXBuildFile; fileRef = F86418FB291D72FF00DB3CA4 /* CategoryListAssembler.swift */; };
		F86418FE291DA31E00DB3CA4 /* AddressSearchAssembler.swift in Sources */ = {isa = PBXBuildFile; fileRef = F86418FD291DA31E00DB3CA4 /* AddressSearchAssembler.swift */; };
		F86418FF291DA3FE00DB3CA4 /* AddressSearchViewController.swift in Sources */ = {isa = PBXBuildFile; fileRef = 98EA055A272A092F007B0228 /* AddressSearchViewController.swift */; };
		F8641900291DA42400DB3CA4 /* AddressListView.swift in Sources */ = {isa = PBXBuildFile; fileRef = 98F12976272F48F000B88A87 /* AddressListView.swift */; };
		F8C0A5D229156A7C0025F287 /* RestaurantListInteractor.swift in Sources */ = {isa = PBXBuildFile; fileRef = F8C0A5D129156A7C0025F287 /* RestaurantListInteractor.swift */; };
		F8C0A5D429156A850025F287 /* RestaurantListPresenter.swift in Sources */ = {isa = PBXBuildFile; fileRef = F8C0A5D329156A850025F287 /* RestaurantListPresenter.swift */; };
		F8C0A5D629156AE40025F287 /* RestaurantListUseCases.swift in Sources */ = {isa = PBXBuildFile; fileRef = F8C0A5D529156AE40025F287 /* RestaurantListUseCases.swift */; };
		F8C0A5DE29156F070025F287 /* RestaurantListService.swift in Sources */ = {isa = PBXBuildFile; fileRef = F8C0A5DD29156F070025F287 /* RestaurantListService.swift */; };
		F8C0A5E0291571560025F287 /* RestaurantError.swift in Sources */ = {isa = PBXBuildFile; fileRef = F8C0A5DF291571560025F287 /* RestaurantError.swift */; };
		F8C0A5E3291577970025F287 /* RestaurantListTableViewDelegate.swift in Sources */ = {isa = PBXBuildFile; fileRef = F8C0A5E2291577970025F287 /* RestaurantListTableViewDelegate.swift */; };
		F8C0A5E5291577A10025F287 /* RestaurantListTableViewDataSource.swift in Sources */ = {isa = PBXBuildFile; fileRef = F8C0A5E4291577A10025F287 /* RestaurantListTableViewDataSource.swift */; };
		F8D984922912FCAE00097713 /* GetRestaurantsUseCase.swift in Sources */ = {isa = PBXBuildFile; fileRef = F8D984912912FCAE00097713 /* GetRestaurantsUseCase.swift */; };
		F8D984952912FDC300097713 /* Restaurant.swift in Sources */ = {isa = PBXBuildFile; fileRef = F8D984942912FDC300097713 /* Restaurant.swift */; };
/* End PBXBuildFile section */

/* Begin PBXContainerItemProxy section */
		983271D0272752B50010C63A /* PBXContainerItemProxy */ = {
			isa = PBXContainerItemProxy;
			containerPortal = 983271B1272752AF0010C63A /* Project object */;
			proxyType = 1;
			remoteGlobalIDString = 983271B8272752AF0010C63A;
			remoteInfo = DeliveryAppChallenge;
		};
/* End PBXContainerItemProxy section */

/* Begin PBXFileReference section */
		971D04EE2912F3B4009D1E93 /* HomeModels.swift */ = {isa = PBXFileReference; lastKnownFileType = sourcecode.swift; path = HomeModels.swift; sourceTree = "<group>"; };
		971D04F02912F695009D1E93 /* HomeViewControllerTests.swift */ = {isa = PBXFileReference; lastKnownFileType = sourcecode.swift; path = HomeViewControllerTests.swift; sourceTree = "<group>"; };
		980D5734280DFF7700DDAF20 /* SampleRepositoryImpl.swift */ = {isa = PBXFileReference; fileEncoding = 4; lastKnownFileType = sourcecode.swift; path = SampleRepositoryImpl.swift; sourceTree = "<group>"; };
		980D5735280DFF7700DDAF20 /* SampleRequest.swift */ = {isa = PBXFileReference; fileEncoding = 4; lastKnownFileType = sourcecode.swift; path = SampleRequest.swift; sourceTree = "<group>"; };
		980D5736280DFF7700DDAF20 /* SampleApiDataSource.swift */ = {isa = PBXFileReference; fileEncoding = 4; lastKnownFileType = sourcecode.swift; path = SampleApiDataSource.swift; sourceTree = "<group>"; };
		980D5737280DFF7700DDAF20 /* SampleDataSource.swift */ = {isa = PBXFileReference; fileEncoding = 4; lastKnownFileType = sourcecode.swift; path = SampleDataSource.swift; sourceTree = "<group>"; };
		980D5738280DFF7700DDAF20 /* SampleResponse.swift */ = {isa = PBXFileReference; fileEncoding = 4; lastKnownFileType = sourcecode.swift; path = SampleResponse.swift; sourceTree = "<group>"; };
		980D573B280DFF7700DDAF20 /* SampleRepository.swift */ = {isa = PBXFileReference; fileEncoding = 4; lastKnownFileType = sourcecode.swift; path = SampleRepository.swift; sourceTree = "<group>"; };
		980D573D280DFF7700DDAF20 /* DataModel.swift */ = {isa = PBXFileReference; fileEncoding = 4; lastKnownFileType = sourcecode.swift; path = DataModel.swift; sourceTree = "<group>"; };
		980D573F280DFF7700DDAF20 /* GetDataUseCase.swift */ = {isa = PBXFileReference; fileEncoding = 4; lastKnownFileType = sourcecode.swift; path = GetDataUseCase.swift; sourceTree = "<group>"; };
		980D5741280DFF7700DDAF20 /* SampleInteractor.swift */ = {isa = PBXFileReference; fileEncoding = 4; lastKnownFileType = sourcecode.swift; path = SampleInteractor.swift; sourceTree = "<group>"; };
		980D5742280DFF7700DDAF20 /* SampleViewController.swift */ = {isa = PBXFileReference; fileEncoding = 4; lastKnownFileType = sourcecode.swift; path = SampleViewController.swift; sourceTree = "<group>"; };
		980D5743280DFF7700DDAF20 /* SamplePresenter.swift */ = {isa = PBXFileReference; fileEncoding = 4; lastKnownFileType = sourcecode.swift; path = SamplePresenter.swift; sourceTree = "<group>"; };
		980D5744280DFF7700DDAF20 /* SampleFeatureFactory.swift */ = {isa = PBXFileReference; fileEncoding = 4; lastKnownFileType = sourcecode.swift; path = SampleFeatureFactory.swift; sourceTree = "<group>"; };
		980D5745280DFF7700DDAF20 /* SampleUseCases.swift */ = {isa = PBXFileReference; fileEncoding = 4; lastKnownFileType = sourcecode.swift; path = SampleUseCases.swift; sourceTree = "<group>"; };
		980D5746280DFF7700DDAF20 /* SampleRouter.swift */ = {isa = PBXFileReference; fileEncoding = 4; lastKnownFileType = sourcecode.swift; path = SampleRouter.swift; sourceTree = "<group>"; };
		980D5747280DFF7700DDAF20 /* SampleView.swift */ = {isa = PBXFileReference; fileEncoding = 4; lastKnownFileType = sourcecode.swift; path = SampleView.swift; sourceTree = "<group>"; };
		980D5759280E010200DDAF20 /* FeatureFactory.swift */ = {isa = PBXFileReference; lastKnownFileType = sourcecode.swift; path = FeatureFactory.swift; sourceTree = "<group>"; };
		980D575B280E011A00DDAF20 /* ViewCode.swift */ = {isa = PBXFileReference; lastKnownFileType = sourcecode.swift; path = ViewCode.swift; sourceTree = "<group>"; };
		980D575E280E015600DDAF20 /* NetworkError.swift */ = {isa = PBXFileReference; lastKnownFileType = sourcecode.swift; path = NetworkError.swift; sourceTree = "<group>"; };
		980D5760280E016C00DDAF20 /* URLSessionProtocol.swift */ = {isa = PBXFileReference; lastKnownFileType = sourcecode.swift; path = URLSessionProtocol.swift; sourceTree = "<group>"; };
		980D5762280E018200DDAF20 /* NetworkManager.swift */ = {isa = PBXFileReference; lastKnownFileType = sourcecode.swift; path = NetworkManager.swift; sourceTree = "<group>"; };
		980D5764280E019D00DDAF20 /* NetworkRequest.swift */ = {isa = PBXFileReference; lastKnownFileType = sourcecode.swift; path = NetworkRequest.swift; sourceTree = "<group>"; };
		983271B9272752AF0010C63A /* DeliveryAppChallenge.app */ = {isa = PBXFileReference; explicitFileType = wrapper.application; includeInIndex = 0; path = DeliveryAppChallenge.app; sourceTree = BUILT_PRODUCTS_DIR; };
		983271BC272752AF0010C63A /* AppDelegate.swift */ = {isa = PBXFileReference; lastKnownFileType = sourcecode.swift; path = AppDelegate.swift; sourceTree = "<group>"; };
		983271BE272752AF0010C63A /* SceneDelegate.swift */ = {isa = PBXFileReference; lastKnownFileType = sourcecode.swift; path = SceneDelegate.swift; sourceTree = "<group>"; };
		983271C0272752AF0010C63A /* HomeViewController.swift */ = {isa = PBXFileReference; lastKnownFileType = sourcecode.swift; path = HomeViewController.swift; sourceTree = "<group>"; };
		983271C5272752B50010C63A /* Assets.xcassets */ = {isa = PBXFileReference; lastKnownFileType = folder.assetcatalog; path = Assets.xcassets; sourceTree = "<group>"; };
		983271C8272752B50010C63A /* Base */ = {isa = PBXFileReference; lastKnownFileType = file.storyboard; name = Base; path = Base.lproj/LaunchScreen.storyboard; sourceTree = "<group>"; };
		983271CA272752B50010C63A /* Info.plist */ = {isa = PBXFileReference; lastKnownFileType = text.plist.xml; path = Info.plist; sourceTree = "<group>"; };
		983271CF272752B50010C63A /* DeliveryAppChallengeTests.xctest */ = {isa = PBXFileReference; explicitFileType = wrapper.cfbundle; includeInIndex = 0; path = DeliveryAppChallengeTests.xctest; sourceTree = BUILT_PRODUCTS_DIR; };
		983271D3272752B50010C63A /* DeliveryAppChallengeTests.swift */ = {isa = PBXFileReference; lastKnownFileType = sourcecode.swift; path = DeliveryAppChallengeTests.swift; sourceTree = "<group>"; };
		98612706272F56AB0049403C /* SettingsView.swift */ = {isa = PBXFileReference; lastKnownFileType = sourcecode.swift; path = SettingsView.swift; sourceTree = "<group>"; };
		98EA055A272A092F007B0228 /* AddressSearchViewController.swift */ = {isa = PBXFileReference; lastKnownFileType = sourcecode.swift; path = AddressSearchViewController.swift; sourceTree = "<group>"; };
		98EA055D272A0949007B0228 /* RestaurantListViewController.swift */ = {isa = PBXFileReference; lastKnownFileType = sourcecode.swift; path = RestaurantListViewController.swift; sourceTree = "<group>"; };
		98EA0560272A0963007B0228 /* RestaurantDetailsViewController.swift */ = {isa = PBXFileReference; lastKnownFileType = sourcecode.swift; path = RestaurantDetailsViewController.swift; sourceTree = "<group>"; };
		98F12967272F30E500B88A87 /* AddressView.swift */ = {isa = PBXFileReference; lastKnownFileType = sourcecode.swift; path = AddressView.swift; sourceTree = "<group>"; };
		98F12969272F327100B88A87 /* CategoryCellView.swift */ = {isa = PBXFileReference; lastKnownFileType = sourcecode.swift; path = CategoryCellView.swift; sourceTree = "<group>"; };
		98F1296B272F328200B88A87 /* CategoryListView.swift */ = {isa = PBXFileReference; lastKnownFileType = sourcecode.swift; path = CategoryListView.swift; sourceTree = "<group>"; };
		98F1296F272F41AE00B88A87 /* RestaurantCellView.swift */ = {isa = PBXFileReference; lastKnownFileType = sourcecode.swift; path = RestaurantCellView.swift; sourceTree = "<group>"; };
		98F12971272F41BE00B88A87 /* RestaurantListView.swift */ = {isa = PBXFileReference; lastKnownFileType = sourcecode.swift; path = RestaurantListView.swift; sourceTree = "<group>"; };
		98F12974272F48E400B88A87 /* AddressCellView.swift */ = {isa = PBXFileReference; lastKnownFileType = sourcecode.swift; path = AddressCellView.swift; sourceTree = "<group>"; };
		98F12976272F48F000B88A87 /* AddressListView.swift */ = {isa = PBXFileReference; lastKnownFileType = sourcecode.swift; path = AddressListView.swift; sourceTree = "<group>"; };
		98F1297A272F51AE00B88A87 /* SettingsViewController.swift */ = {isa = PBXFileReference; lastKnownFileType = sourcecode.swift; path = SettingsViewController.swift; sourceTree = "<group>"; };
		98F1297C272F51DE00B88A87 /* MenuItemViewController.swift */ = {isa = PBXFileReference; lastKnownFileType = sourcecode.swift; path = MenuItemViewController.swift; sourceTree = "<group>"; };
		98FC5AAA2732B938002412EA /* RestaurantDetailsView.swift */ = {isa = PBXFileReference; lastKnownFileType = sourcecode.swift; path = RestaurantDetailsView.swift; sourceTree = "<group>"; };
		98FC5AAD2732BA2E002412EA /* RestaurantInfoView.swift */ = {isa = PBXFileReference; lastKnownFileType = sourcecode.swift; path = RestaurantInfoView.swift; sourceTree = "<group>"; };
		98FC5AB02732BB7D002412EA /* RatingView.swift */ = {isa = PBXFileReference; lastKnownFileType = sourcecode.swift; path = RatingView.swift; sourceTree = "<group>"; };
		98FC5AB32732BFC8002412EA /* MenuListView.swift */ = {isa = PBXFileReference; lastKnownFileType = sourcecode.swift; path = MenuListView.swift; sourceTree = "<group>"; };
		98FC5AB52732BFDA002412EA /* MenuCellView.swift */ = {isa = PBXFileReference; lastKnownFileType = sourcecode.swift; path = MenuCellView.swift; sourceTree = "<group>"; };
		98FC5AB72732C1EF002412EA /* MenuItemView.swift */ = {isa = PBXFileReference; lastKnownFileType = sourcecode.swift; path = MenuItemView.swift; sourceTree = "<group>"; };
		F86418E9291AB17B00DB3CA4 /* RestaurantListAssembler.swift */ = {isa = PBXFileReference; lastKnownFileType = sourcecode.swift; path = RestaurantListAssembler.swift; sourceTree = "<group>"; };
		F86418F3291D6A1900DB3CA4 /* CategoryListViewController.swift */ = {isa = PBXFileReference; lastKnownFileType = sourcecode.swift; path = CategoryListViewController.swift; sourceTree = "<group>"; };
		F86418F5291D6A2100DB3CA4 /* CategoryListInteractor.swift */ = {isa = PBXFileReference; lastKnownFileType = sourcecode.swift; path = CategoryListInteractor.swift; sourceTree = "<group>"; };
		F86418F7291D6A2800DB3CA4 /* CategoryListPresenter.swift */ = {isa = PBXFileReference; lastKnownFileType = sourcecode.swift; path = CategoryListPresenter.swift; sourceTree = "<group>"; };
		F86418F9291D70F400DB3CA4 /* CategoryListUseCases.swift */ = {isa = PBXFileReference; lastKnownFileType = sourcecode.swift; path = CategoryListUseCases.swift; sourceTree = "<group>"; };
		F86418FB291D72FF00DB3CA4 /* CategoryListAssembler.swift */ = {isa = PBXFileReference; lastKnownFileType = sourcecode.swift; path = CategoryListAssembler.swift; sourceTree = "<group>"; };
		F86418FD291DA31E00DB3CA4 /* AddressSearchAssembler.swift */ = {isa = PBXFileReference; lastKnownFileType = sourcecode.swift; path = AddressSearchAssembler.swift; sourceTree = "<group>"; };
		F8C0A5D129156A7C0025F287 /* RestaurantListInteractor.swift */ = {isa = PBXFileReference; lastKnownFileType = sourcecode.swift; path = RestaurantListInteractor.swift; sourceTree = "<group>"; };
		F8C0A5D329156A850025F287 /* RestaurantListPresenter.swift */ = {isa = PBXFileReference; lastKnownFileType = sourcecode.swift; path = RestaurantListPresenter.swift; sourceTree = "<group>"; };
		F8C0A5D529156AE40025F287 /* RestaurantListUseCases.swift */ = {isa = PBXFileReference; lastKnownFileType = sourcecode.swift; path = RestaurantListUseCases.swift; sourceTree = "<group>"; };
		F8C0A5DD29156F070025F287 /* RestaurantListService.swift */ = {isa = PBXFileReference; lastKnownFileType = sourcecode.swift; path = RestaurantListService.swift; sourceTree = "<group>"; };
		F8C0A5DF291571560025F287 /* RestaurantError.swift */ = {isa = PBXFileReference; lastKnownFileType = sourcecode.swift; path = RestaurantError.swift; sourceTree = "<group>"; };
		F8C0A5E2291577970025F287 /* RestaurantListTableViewDelegate.swift */ = {isa = PBXFileReference; lastKnownFileType = sourcecode.swift; path = RestaurantListTableViewDelegate.swift; sourceTree = "<group>"; };
		F8C0A5E4291577A10025F287 /* RestaurantListTableViewDataSource.swift */ = {isa = PBXFileReference; lastKnownFileType = sourcecode.swift; path = RestaurantListTableViewDataSource.swift; sourceTree = "<group>"; };
		F8D984912912FCAE00097713 /* GetRestaurantsUseCase.swift */ = {isa = PBXFileReference; lastKnownFileType = sourcecode.swift; path = GetRestaurantsUseCase.swift; sourceTree = "<group>"; };
		F8D984942912FDC300097713 /* Restaurant.swift */ = {isa = PBXFileReference; lastKnownFileType = sourcecode.swift; path = Restaurant.swift; sourceTree = "<group>"; };
/* End PBXFileReference section */

/* Begin PBXFrameworksBuildPhase section */
		983271B6272752AF0010C63A /* Frameworks */ = {
			isa = PBXFrameworksBuildPhase;
			buildActionMask = 2147483647;
			files = (
			);
			runOnlyForDeploymentPostprocessing = 0;
		};
		983271CC272752B50010C63A /* Frameworks */ = {
			isa = PBXFrameworksBuildPhase;
			buildActionMask = 2147483647;
			files = (
			);
			runOnlyForDeploymentPostprocessing = 0;
		};
/* End PBXFrameworksBuildPhase section */

/* Begin PBXGroup section */
		980D5732280DFF7700DDAF20 /* Sample */ = {
			isa = PBXGroup;
			children = (
				980D5733280DFF7700DDAF20 /* Data */,
				980D5739280DFF7700DDAF20 /* Domain */,
				980D5740280DFF7700DDAF20 /* Presentation */,
			);
			path = Sample;
			sourceTree = "<group>";
		};
		980D5733280DFF7700DDAF20 /* Data */ = {
			isa = PBXGroup;
			children = (
				980D5734280DFF7700DDAF20 /* SampleRepositoryImpl.swift */,
				980D5735280DFF7700DDAF20 /* SampleRequest.swift */,
				980D5736280DFF7700DDAF20 /* SampleApiDataSource.swift */,
				980D5737280DFF7700DDAF20 /* SampleDataSource.swift */,
				980D5738280DFF7700DDAF20 /* SampleResponse.swift */,
			);
			path = Data;
			sourceTree = "<group>";
		};
		980D5739280DFF7700DDAF20 /* Domain */ = {
			isa = PBXGroup;
			children = (
				980D573A280DFF7700DDAF20 /* Repository */,
				980D573C280DFF7700DDAF20 /* Model */,
				980D573E280DFF7700DDAF20 /* UseCase */,
			);
			path = Domain;
			sourceTree = "<group>";
		};
		980D573A280DFF7700DDAF20 /* Repository */ = {
			isa = PBXGroup;
			children = (
				980D573B280DFF7700DDAF20 /* SampleRepository.swift */,
			);
			path = Repository;
			sourceTree = "<group>";
		};
		980D573C280DFF7700DDAF20 /* Model */ = {
			isa = PBXGroup;
			children = (
				980D573D280DFF7700DDAF20 /* DataModel.swift */,
			);
			path = Model;
			sourceTree = "<group>";
		};
		980D573E280DFF7700DDAF20 /* UseCase */ = {
			isa = PBXGroup;
			children = (
				980D573F280DFF7700DDAF20 /* GetDataUseCase.swift */,
			);
			path = UseCase;
			sourceTree = "<group>";
		};
		980D5740280DFF7700DDAF20 /* Presentation */ = {
			isa = PBXGroup;
			children = (
				980D5741280DFF7700DDAF20 /* SampleInteractor.swift */,
				980D5742280DFF7700DDAF20 /* SampleViewController.swift */,
				980D5743280DFF7700DDAF20 /* SamplePresenter.swift */,
				980D5744280DFF7700DDAF20 /* SampleFeatureFactory.swift */,
				980D5745280DFF7700DDAF20 /* SampleUseCases.swift */,
				980D5746280DFF7700DDAF20 /* SampleRouter.swift */,
				980D5747280DFF7700DDAF20 /* SampleView.swift */,
			);
			path = Presentation;
			sourceTree = "<group>";
		};
		980D5757280E008B00DDAF20 /* Foundation */ = {
			isa = PBXGroup;
			children = (
				F8D9848F2912FB7E00097713 /* Services */,
				98F12963272F307100B88A87 /* Components */,
				980D575D280E013500DDAF20 /* Network */,
				980D5759280E010200DDAF20 /* FeatureFactory.swift */,
			);
			path = Foundation;
			sourceTree = "<group>";
		};
		980D5758280E009600DDAF20 /* Product */ = {
			isa = PBXGroup;
			children = (
				F86418F2291D6A0000DB3CA4 /* CategoryList */,
				980D5732280DFF7700DDAF20 /* Sample */,
				983271F2272753100010C63A /* Home */,
				98EA0559272A08D7007B0228 /* AddressSearch */,
				98EA055C272A0933007B0228 /* RestaurantList */,
				98EA055F272A0950007B0228 /* RestaurantDetails */,
				98F12978272F4D7600B88A87 /* MenuItem */,
				98F12979272F512900B88A87 /* Settings */,
			);
			path = Product;
			sourceTree = "<group>";
		};
		980D575D280E013500DDAF20 /* Network */ = {
			isa = PBXGroup;
			children = (
				980D575E280E015600DDAF20 /* NetworkError.swift */,
				980D5760280E016C00DDAF20 /* URLSessionProtocol.swift */,
				980D5762280E018200DDAF20 /* NetworkManager.swift */,
				980D5764280E019D00DDAF20 /* NetworkRequest.swift */,
			);
			path = Network;
			sourceTree = "<group>";
		};
		983271B0272752AF0010C63A = {
			isa = PBXGroup;
			children = (
				983271BB272752AF0010C63A /* DeliveryAppChallenge */,
				983271D2272752B50010C63A /* DeliveryAppChallengeTests */,
				983271BA272752AF0010C63A /* Products */,
			);
			sourceTree = "<group>";
		};
		983271BA272752AF0010C63A /* Products */ = {
			isa = PBXGroup;
			children = (
				983271B9272752AF0010C63A /* DeliveryAppChallenge.app */,
				983271CF272752B50010C63A /* DeliveryAppChallengeTests.xctest */,
			);
			name = Products;
			sourceTree = "<group>";
		};
		983271BB272752AF0010C63A /* DeliveryAppChallenge */ = {
			isa = PBXGroup;
			children = (
				983271EC272752C50010C63A /* Resources */,
				983271ED272752D20010C63A /* AppDelegate */,
				983271EE272752EE0010C63A /* Modules */,
			);
			path = DeliveryAppChallenge;
			sourceTree = "<group>";
		};
		983271D2272752B50010C63A /* DeliveryAppChallengeTests */ = {
			isa = PBXGroup;
			children = (
				983271D3272752B50010C63A /* DeliveryAppChallengeTests.swift */,
				971D04F02912F695009D1E93 /* HomeViewControllerTests.swift */,
			);
			path = DeliveryAppChallengeTests;
			sourceTree = "<group>";
		};
		983271EC272752C50010C63A /* Resources */ = {
			isa = PBXGroup;
			children = (
				983271C5272752B50010C63A /* Assets.xcassets */,
				983271C7272752B50010C63A /* LaunchScreen.storyboard */,
				983271CA272752B50010C63A /* Info.plist */,
			);
			path = Resources;
			sourceTree = "<group>";
		};
		983271ED272752D20010C63A /* AppDelegate */ = {
			isa = PBXGroup;
			children = (
				983271BC272752AF0010C63A /* AppDelegate.swift */,
				983271BE272752AF0010C63A /* SceneDelegate.swift */,
			);
			path = AppDelegate;
			sourceTree = "<group>";
		};
		983271EE272752EE0010C63A /* Modules */ = {
			isa = PBXGroup;
			children = (
				980D5757280E008B00DDAF20 /* Foundation */,
				980D5758280E009600DDAF20 /* Product */,
			);
			path = Modules;
			sourceTree = "<group>";
		};
		983271F2272753100010C63A /* Home */ = {
			isa = PBXGroup;
			children = (
				983271C0272752AF0010C63A /* HomeViewController.swift */,
				971D04EE2912F3B4009D1E93 /* HomeModels.swift */,
			);
			path = Home;
			sourceTree = "<group>";
		};
		98EA0559272A08D7007B0228 /* AddressSearch */ = {
			isa = PBXGroup;
			children = (
				98EA055A272A092F007B0228 /* AddressSearchViewController.swift */,
				F86418FD291DA31E00DB3CA4 /* AddressSearchAssembler.swift */,
			);
			path = AddressSearch;
			sourceTree = "<group>";
		};
		98EA055C272A0933007B0228 /* RestaurantList */ = {
			isa = PBXGroup;
			children = (
				F8C0A5DC29156EF40025F287 /* Data */,
				F8C0A5D029156A460025F287 /* Domain */,
				F8C0A5CF29156A3C0025F287 /* Presentation */,
			);
			path = RestaurantList;
			sourceTree = "<group>";
		};
		98EA055F272A0950007B0228 /* RestaurantDetails */ = {
			isa = PBXGroup;
			children = (
				98EA0560272A0963007B0228 /* RestaurantDetailsViewController.swift */,
				98FC5AAA2732B938002412EA /* RestaurantDetailsView.swift */,
			);
			path = RestaurantDetails;
			sourceTree = "<group>";
		};
		98F12963272F307100B88A87 /* Components */ = {
			isa = PBXGroup;
			children = (
				980D575B280E011A00DDAF20 /* ViewCode.swift */,
				98FC5AB22732BFB2002412EA /* MenuListView */,
				98FC5AAF2732BB70002412EA /* RatingView */,
				98FC5AAC2732BA1C002412EA /* RestaurantInfoView */,
				98F12973272F48CC00B88A87 /* AddressListView */,
				98F12966272F30B100B88A87 /* RestaurantListView */,
				98F12965272F309600B88A87 /* CategoryListView */,
				98F12964272F307C00B88A87 /* AddressView */,
			);
			path = Components;
			sourceTree = "<group>";
		};
		98F12964272F307C00B88A87 /* AddressView */ = {
			isa = PBXGroup;
			children = (
				98F12967272F30E500B88A87 /* AddressView.swift */,
			);
			path = AddressView;
			sourceTree = "<group>";
		};
		98F12965272F309600B88A87 /* CategoryListView */ = {
			isa = PBXGroup;
			children = (
				98F12969272F327100B88A87 /* CategoryCellView.swift */,
				98F1296B272F328200B88A87 /* CategoryListView.swift */,
			);
			path = CategoryListView;
			sourceTree = "<group>";
		};
		98F12966272F30B100B88A87 /* RestaurantListView */ = {
			isa = PBXGroup;
			children = (
				98F1296F272F41AE00B88A87 /* RestaurantCellView.swift */,
				98F12971272F41BE00B88A87 /* RestaurantListView.swift */,
			);
			path = RestaurantListView;
			sourceTree = "<group>";
		};
		98F12973272F48CC00B88A87 /* AddressListView */ = {
			isa = PBXGroup;
			children = (
				98F12974272F48E400B88A87 /* AddressCellView.swift */,
				98F12976272F48F000B88A87 /* AddressListView.swift */,
			);
			path = AddressListView;
			sourceTree = "<group>";
		};
		98F12978272F4D7600B88A87 /* MenuItem */ = {
			isa = PBXGroup;
			children = (
				98F1297C272F51DE00B88A87 /* MenuItemViewController.swift */,
				98FC5AB72732C1EF002412EA /* MenuItemView.swift */,
			);
			path = MenuItem;
			sourceTree = "<group>";
		};
		98F12979272F512900B88A87 /* Settings */ = {
			isa = PBXGroup;
			children = (
				98F1297A272F51AE00B88A87 /* SettingsViewController.swift */,
				98612706272F56AB0049403C /* SettingsView.swift */,
			);
			path = Settings;
			sourceTree = "<group>";
		};
		98FC5AAC2732BA1C002412EA /* RestaurantInfoView */ = {
			isa = PBXGroup;
			children = (
				98FC5AAD2732BA2E002412EA /* RestaurantInfoView.swift */,
			);
			path = RestaurantInfoView;
			sourceTree = "<group>";
		};
		98FC5AAF2732BB70002412EA /* RatingView */ = {
			isa = PBXGroup;
			children = (
				98FC5AB02732BB7D002412EA /* RatingView.swift */,
			);
			path = RatingView;
			sourceTree = "<group>";
		};
		98FC5AB22732BFB2002412EA /* MenuListView */ = {
			isa = PBXGroup;
			children = (
				98FC5AB32732BFC8002412EA /* MenuListView.swift */,
				98FC5AB52732BFDA002412EA /* MenuCellView.swift */,
			);
			path = MenuListView;
			sourceTree = "<group>";
		};
		F86418F2291D6A0000DB3CA4 /* CategoryList */ = {
			isa = PBXGroup;
			children = (
				F86418F3291D6A1900DB3CA4 /* CategoryListViewController.swift */,
				F86418F5291D6A2100DB3CA4 /* CategoryListInteractor.swift */,
				F86418F7291D6A2800DB3CA4 /* CategoryListPresenter.swift */,
				F86418F9291D70F400DB3CA4 /* CategoryListUseCases.swift */,
				F86418FB291D72FF00DB3CA4 /* CategoryListAssembler.swift */,
			);
			path = CategoryList;
			sourceTree = "<group>";
		};
		F8C0A5CF29156A3C0025F287 /* Presentation */ = {
			isa = PBXGroup;
			children = (
				F8C0A5E1291577870025F287 /* Adapters */,
				98EA055D272A0949007B0228 /* RestaurantListViewController.swift */,
				F8C0A5D129156A7C0025F287 /* RestaurantListInteractor.swift */,
				F8C0A5D329156A850025F287 /* RestaurantListPresenter.swift */,
				F8C0A5D529156AE40025F287 /* RestaurantListUseCases.swift */,
				F86418E9291AB17B00DB3CA4 /* RestaurantListAssembler.swift */,
			);
			path = Presentation;
			sourceTree = "<group>";
		};
		F8C0A5D029156A460025F287 /* Domain */ = {
			isa = PBXGroup;
			children = (
				F8C0A5D829156E260025F287 /* UseCase */,
				F8C0A5D729156B160025F287 /* Model */,
			);
			path = Domain;
			sourceTree = "<group>";
		};
		F8C0A5D729156B160025F287 /* Model */ = {
			isa = PBXGroup;
			children = (
				F8D984942912FDC300097713 /* Restaurant.swift */,
				F8C0A5DF291571560025F287 /* RestaurantError.swift */,
			);
			path = Model;
			sourceTree = "<group>";
		};
		F8C0A5D829156E260025F287 /* UseCase */ = {
			isa = PBXGroup;
			children = (
				F8D984912912FCAE00097713 /* GetRestaurantsUseCase.swift */,
			);
			path = UseCase;
			sourceTree = "<group>";
		};
		F8C0A5DC29156EF40025F287 /* Data */ = {
			isa = PBXGroup;
			children = (
				F8C0A5DD29156F070025F287 /* RestaurantListService.swift */,
			);
			path = Data;
			sourceTree = "<group>";
		};
		F8C0A5E1291577870025F287 /* Adapters */ = {
			isa = PBXGroup;
			children = (
				F8C0A5E2291577970025F287 /* RestaurantListTableViewDelegate.swift */,
				F8C0A5E4291577A10025F287 /* RestaurantListTableViewDataSource.swift */,
			);
			path = Adapters;
			sourceTree = "<group>";
		};
		F8D9848F2912FB7E00097713 /* Services */ = {
			isa = PBXGroup;
			children = (
			);
			path = Services;
			sourceTree = "<group>";
		};
/* End PBXGroup section */

/* Begin PBXNativeTarget section */
		983271B8272752AF0010C63A /* DeliveryAppChallenge */ = {
			isa = PBXNativeTarget;
			buildConfigurationList = 983271E3272752B50010C63A /* Build configuration list for PBXNativeTarget "DeliveryAppChallenge" */;
			buildPhases = (
				983271B5272752AF0010C63A /* Sources */,
				983271B6272752AF0010C63A /* Frameworks */,
				983271B7272752AF0010C63A /* Resources */,
			);
			buildRules = (
			);
			dependencies = (
			);
			name = DeliveryAppChallenge;
			productName = DeliveryAppChallenge;
			productReference = 983271B9272752AF0010C63A /* DeliveryAppChallenge.app */;
			productType = "com.apple.product-type.application";
		};
		983271CE272752B50010C63A /* DeliveryAppChallengeTests */ = {
			isa = PBXNativeTarget;
			buildConfigurationList = 983271E6272752B50010C63A /* Build configuration list for PBXNativeTarget "DeliveryAppChallengeTests" */;
			buildPhases = (
				983271CB272752B50010C63A /* Sources */,
				983271CC272752B50010C63A /* Frameworks */,
				983271CD272752B50010C63A /* Resources */,
			);
			buildRules = (
			);
			dependencies = (
				983271D1272752B50010C63A /* PBXTargetDependency */,
			);
			name = DeliveryAppChallengeTests;
			productName = DeliveryAppChallengeTests;
			productReference = 983271CF272752B50010C63A /* DeliveryAppChallengeTests.xctest */;
			productType = "com.apple.product-type.bundle.unit-test";
		};
/* End PBXNativeTarget section */

/* Begin PBXProject section */
		983271B1272752AF0010C63A /* Project object */ = {
			isa = PBXProject;
			attributes = {
				BuildIndependentTargetsInParallel = 1;
				LastSwiftUpdateCheck = 1300;
				LastUpgradeCheck = 1300;
				TargetAttributes = {
					983271B8272752AF0010C63A = {
						CreatedOnToolsVersion = 13.0;
					};
					983271CE272752B50010C63A = {
						CreatedOnToolsVersion = 13.0;
						TestTargetID = 983271B8272752AF0010C63A;
					};
				};
			};
			buildConfigurationList = 983271B4272752AF0010C63A /* Build configuration list for PBXProject "DeliveryAppChallenge" */;
			compatibilityVersion = "Xcode 13.0";
			developmentRegion = en;
			hasScannedForEncodings = 0;
			knownRegions = (
				en,
				Base,
			);
			mainGroup = 983271B0272752AF0010C63A;
			productRefGroup = 983271BA272752AF0010C63A /* Products */;
			projectDirPath = "";
			projectRoot = "";
			targets = (
				983271B8272752AF0010C63A /* DeliveryAppChallenge */,
				983271CE272752B50010C63A /* DeliveryAppChallengeTests */,
			);
		};
/* End PBXProject section */

/* Begin PBXResourcesBuildPhase section */
		983271B7272752AF0010C63A /* Resources */ = {
			isa = PBXResourcesBuildPhase;
			buildActionMask = 2147483647;
			files = (
				983271C9272752B50010C63A /* LaunchScreen.storyboard in Resources */,
				983271C6272752B50010C63A /* Assets.xcassets in Resources */,
			);
			runOnlyForDeploymentPostprocessing = 0;
		};
		983271CD272752B50010C63A /* Resources */ = {
			isa = PBXResourcesBuildPhase;
			buildActionMask = 2147483647;
			files = (
			);
			runOnlyForDeploymentPostprocessing = 0;
		};
/* End PBXResourcesBuildPhase section */

/* Begin PBXSourcesBuildPhase section */
		983271B5272752AF0010C63A /* Sources */ = {
			isa = PBXSourcesBuildPhase;
			buildActionMask = 2147483647;
			files = (
				F8C0A5E0291571560025F287 /* RestaurantError.swift in Sources */,
				98FAF50A280E08F90075B35B /* SceneDelegate.swift in Sources */,
				F86418F6291D6A2100DB3CA4 /* CategoryListInteractor.swift in Sources */,
				98FAF509280E08EC0075B35B /* AppDelegate.swift in Sources */,
				980D5767280E079400DDAF20 /* SettingsView.swift in Sources */,
				980D5766280E077F00DDAF20 /* AddressView.swift in Sources */,
				980D5755280DFF7700DDAF20 /* SampleRouter.swift in Sources */,
				F86418EA291AB17B00DB3CA4 /* RestaurantListAssembler.swift in Sources */,
				983271C1272752AF0010C63A /* HomeViewController.swift in Sources */,
				F8C0A5D429156A850025F287 /* RestaurantListPresenter.swift in Sources */,
				980D5754280DFF7700DDAF20 /* SampleUseCases.swift in Sources */,
				980D574F280DFF7700DDAF20 /* GetDataUseCase.swift in Sources */,
				98FC5AB42732BFC8002412EA /* MenuListView.swift in Sources */,
				980D5756280DFF7700DDAF20 /* SampleView.swift in Sources */,
				98FC5AB82732C1EF002412EA /* MenuItemView.swift in Sources */,
				98FC5AAE2732BA2E002412EA /* RestaurantInfoView.swift in Sources */,
				980D5752280DFF7700DDAF20 /* SamplePresenter.swift in Sources */,
				980D5751280DFF7700DDAF20 /* SampleViewController.swift in Sources */,
				F86418F8291D6A2800DB3CA4 /* CategoryListPresenter.swift in Sources */,
				980D574C280DFF7700DDAF20 /* SampleResponse.swift in Sources */,
				F86418F4291D6A1900DB3CA4 /* CategoryListViewController.swift in Sources */,
				98FC5AB12732BB7D002412EA /* RatingView.swift in Sources */,
				F86418FE291DA31E00DB3CA4 /* AddressSearchAssembler.swift in Sources */,
				980D5748280DFF7700DDAF20 /* SampleRepositoryImpl.swift in Sources */,
				98F12975272F48E400B88A87 /* AddressCellView.swift in Sources */,
				980D575F280E015600DDAF20 /* NetworkError.swift in Sources */,
				F8C0A5E3291577970025F287 /* RestaurantListTableViewDelegate.swift in Sources */,
				98F12970272F41AE00B88A87 /* RestaurantCellView.swift in Sources */,
				F86418FC291D72FF00DB3CA4 /* CategoryListAssembler.swift in Sources */,
				98EA055E272A0949007B0228 /* RestaurantListViewController.swift in Sources */,
				980D5765280E019D00DDAF20 /* NetworkRequest.swift in Sources */,
				98F1297B272F51AE00B88A87 /* SettingsViewController.swift in Sources */,
				F8C0A5D629156AE40025F287 /* RestaurantListUseCases.swift in Sources */,
				980D5763280E018200DDAF20 /* NetworkManager.swift in Sources */,
				980D574B280DFF7700DDAF20 /* SampleDataSource.swift in Sources */,
				980D5753280DFF7700DDAF20 /* SampleFeatureFactory.swift in Sources */,
				980D5750280DFF7700DDAF20 /* SampleInteractor.swift in Sources */,
				F8C0A5D229156A7C0025F287 /* RestaurantListInteractor.swift in Sources */,
				980D5761280E016C00DDAF20 /* URLSessionProtocol.swift in Sources */,
				F8C0A5E5291577A10025F287 /* RestaurantListTableViewDataSource.swift in Sources */,
				98F1296C272F328200B88A87 /* CategoryListView.swift in Sources */,
				980D574D280DFF7700DDAF20 /* SampleRepository.swift in Sources */,
				F8D984922912FCAE00097713 /* GetRestaurantsUseCase.swift in Sources */,
				98F1296A272F327100B88A87 /* CategoryCellView.swift in Sources */,
				98FC5AAB2732B938002412EA /* RestaurantDetailsView.swift in Sources */,
				F86418FF291DA3FE00DB3CA4 /* AddressSearchViewController.swift in Sources */,
				F8D984952912FDC300097713 /* Restaurant.swift in Sources */,
				F86418FA291D70F400DB3CA4 /* CategoryListUseCases.swift in Sources */,
				F8641900291DA42400DB3CA4 /* AddressListView.swift in Sources */,
				F8C0A5DE29156F070025F287 /* RestaurantListService.swift in Sources */,
				980D575A280E010200DDAF20 /* FeatureFactory.swift in Sources */,
				98FC5AB62732BFDA002412EA /* MenuCellView.swift in Sources */,
				980D574E280DFF7700DDAF20 /* DataModel.swift in Sources */,
				98EA0561272A0963007B0228 /* RestaurantDetailsViewController.swift in Sources */,
				980D574A280DFF7700DDAF20 /* SampleApiDataSource.swift in Sources */,
				98F12972272F41BE00B88A87 /* RestaurantListView.swift in Sources */,
				980D5749280DFF7700DDAF20 /* SampleRequest.swift in Sources */,
				980D575C280E011A00DDAF20 /* ViewCode.swift in Sources */,
				971D04EF2912F3B4009D1E93 /* HomeModels.swift in Sources */,
			);
			runOnlyForDeploymentPostprocessing = 0;
		};
		983271CB272752B50010C63A /* Sources */ = {
			isa = PBXSourcesBuildPhase;
			buildActionMask = 2147483647;
			files = (
				983271D4272752B50010C63A /* DeliveryAppChallengeTests.swift in Sources */,
				971D04F12912F695009D1E93 /* HomeViewControllerTests.swift in Sources */,
			);
			runOnlyForDeploymentPostprocessing = 0;
		};
/* End PBXSourcesBuildPhase section */

/* Begin PBXTargetDependency section */
		983271D1272752B50010C63A /* PBXTargetDependency */ = {
			isa = PBXTargetDependency;
			target = 983271B8272752AF0010C63A /* DeliveryAppChallenge */;
			targetProxy = 983271D0272752B50010C63A /* PBXContainerItemProxy */;
		};
/* End PBXTargetDependency section */

/* Begin PBXVariantGroup section */
		983271C7272752B50010C63A /* LaunchScreen.storyboard */ = {
			isa = PBXVariantGroup;
			children = (
				983271C8272752B50010C63A /* Base */,
			);
			name = LaunchScreen.storyboard;
			sourceTree = "<group>";
		};
/* End PBXVariantGroup section */

/* Begin XCBuildConfiguration section */
		983271E1272752B50010C63A /* Debug */ = {
			isa = XCBuildConfiguration;
			buildSettings = {
				ALWAYS_SEARCH_USER_PATHS = NO;
				CLANG_ANALYZER_NONNULL = YES;
				CLANG_ANALYZER_NUMBER_OBJECT_CONVERSION = YES_AGGRESSIVE;
				CLANG_CXX_LANGUAGE_STANDARD = "gnu++17";
				CLANG_CXX_LIBRARY = "libc++";
				CLANG_ENABLE_MODULES = YES;
				CLANG_ENABLE_OBJC_ARC = YES;
				CLANG_ENABLE_OBJC_WEAK = YES;
				CLANG_WARN_BLOCK_CAPTURE_AUTORELEASING = YES;
				CLANG_WARN_BOOL_CONVERSION = YES;
				CLANG_WARN_COMMA = YES;
				CLANG_WARN_CONSTANT_CONVERSION = YES;
				CLANG_WARN_DEPRECATED_OBJC_IMPLEMENTATIONS = YES;
				CLANG_WARN_DIRECT_OBJC_ISA_USAGE = YES_ERROR;
				CLANG_WARN_DOCUMENTATION_COMMENTS = YES;
				CLANG_WARN_EMPTY_BODY = YES;
				CLANG_WARN_ENUM_CONVERSION = YES;
				CLANG_WARN_INFINITE_RECURSION = YES;
				CLANG_WARN_INT_CONVERSION = YES;
				CLANG_WARN_NON_LITERAL_NULL_CONVERSION = YES;
				CLANG_WARN_OBJC_IMPLICIT_RETAIN_SELF = YES;
				CLANG_WARN_OBJC_LITERAL_CONVERSION = YES;
				CLANG_WARN_OBJC_ROOT_CLASS = YES_ERROR;
				CLANG_WARN_QUOTED_INCLUDE_IN_FRAMEWORK_HEADER = YES;
				CLANG_WARN_RANGE_LOOP_ANALYSIS = YES;
				CLANG_WARN_STRICT_PROTOTYPES = YES;
				CLANG_WARN_SUSPICIOUS_MOVE = YES;
				CLANG_WARN_UNGUARDED_AVAILABILITY = YES_AGGRESSIVE;
				CLANG_WARN_UNREACHABLE_CODE = YES;
				CLANG_WARN__DUPLICATE_METHOD_MATCH = YES;
				COPY_PHASE_STRIP = NO;
				DEBUG_INFORMATION_FORMAT = dwarf;
				ENABLE_STRICT_OBJC_MSGSEND = YES;
				ENABLE_TESTABILITY = YES;
				GCC_C_LANGUAGE_STANDARD = gnu11;
				GCC_DYNAMIC_NO_PIC = NO;
				GCC_NO_COMMON_BLOCKS = YES;
				GCC_OPTIMIZATION_LEVEL = 0;
				GCC_PREPROCESSOR_DEFINITIONS = (
					"DEBUG=1",
					"$(inherited)",
				);
				GCC_WARN_64_TO_32_BIT_CONVERSION = YES;
				GCC_WARN_ABOUT_RETURN_TYPE = YES_ERROR;
				GCC_WARN_UNDECLARED_SELECTOR = YES;
				GCC_WARN_UNINITIALIZED_AUTOS = YES_AGGRESSIVE;
				GCC_WARN_UNUSED_FUNCTION = YES;
				GCC_WARN_UNUSED_VARIABLE = YES;
				IPHONEOS_DEPLOYMENT_TARGET = 15.0;
				MTL_ENABLE_DEBUG_INFO = INCLUDE_SOURCE;
				MTL_FAST_MATH = YES;
				ONLY_ACTIVE_ARCH = YES;
				SDKROOT = iphoneos;
				SWIFT_ACTIVE_COMPILATION_CONDITIONS = DEBUG;
				SWIFT_OPTIMIZATION_LEVEL = "-Onone";
			};
			name = Debug;
		};
		983271E2272752B50010C63A /* Release */ = {
			isa = XCBuildConfiguration;
			buildSettings = {
				ALWAYS_SEARCH_USER_PATHS = NO;
				CLANG_ANALYZER_NONNULL = YES;
				CLANG_ANALYZER_NUMBER_OBJECT_CONVERSION = YES_AGGRESSIVE;
				CLANG_CXX_LANGUAGE_STANDARD = "gnu++17";
				CLANG_CXX_LIBRARY = "libc++";
				CLANG_ENABLE_MODULES = YES;
				CLANG_ENABLE_OBJC_ARC = YES;
				CLANG_ENABLE_OBJC_WEAK = YES;
				CLANG_WARN_BLOCK_CAPTURE_AUTORELEASING = YES;
				CLANG_WARN_BOOL_CONVERSION = YES;
				CLANG_WARN_COMMA = YES;
				CLANG_WARN_CONSTANT_CONVERSION = YES;
				CLANG_WARN_DEPRECATED_OBJC_IMPLEMENTATIONS = YES;
				CLANG_WARN_DIRECT_OBJC_ISA_USAGE = YES_ERROR;
				CLANG_WARN_DOCUMENTATION_COMMENTS = YES;
				CLANG_WARN_EMPTY_BODY = YES;
				CLANG_WARN_ENUM_CONVERSION = YES;
				CLANG_WARN_INFINITE_RECURSION = YES;
				CLANG_WARN_INT_CONVERSION = YES;
				CLANG_WARN_NON_LITERAL_NULL_CONVERSION = YES;
				CLANG_WARN_OBJC_IMPLICIT_RETAIN_SELF = YES;
				CLANG_WARN_OBJC_LITERAL_CONVERSION = YES;
				CLANG_WARN_OBJC_ROOT_CLASS = YES_ERROR;
				CLANG_WARN_QUOTED_INCLUDE_IN_FRAMEWORK_HEADER = YES;
				CLANG_WARN_RANGE_LOOP_ANALYSIS = YES;
				CLANG_WARN_STRICT_PROTOTYPES = YES;
				CLANG_WARN_SUSPICIOUS_MOVE = YES;
				CLANG_WARN_UNGUARDED_AVAILABILITY = YES_AGGRESSIVE;
				CLANG_WARN_UNREACHABLE_CODE = YES;
				CLANG_WARN__DUPLICATE_METHOD_MATCH = YES;
				COPY_PHASE_STRIP = NO;
				DEBUG_INFORMATION_FORMAT = "dwarf-with-dsym";
				ENABLE_NS_ASSERTIONS = NO;
				ENABLE_STRICT_OBJC_MSGSEND = YES;
				GCC_C_LANGUAGE_STANDARD = gnu11;
				GCC_NO_COMMON_BLOCKS = YES;
				GCC_WARN_64_TO_32_BIT_CONVERSION = YES;
				GCC_WARN_ABOUT_RETURN_TYPE = YES_ERROR;
				GCC_WARN_UNDECLARED_SELECTOR = YES;
				GCC_WARN_UNINITIALIZED_AUTOS = YES_AGGRESSIVE;
				GCC_WARN_UNUSED_FUNCTION = YES;
				GCC_WARN_UNUSED_VARIABLE = YES;
				IPHONEOS_DEPLOYMENT_TARGET = 15.0;
				MTL_ENABLE_DEBUG_INFO = NO;
				MTL_FAST_MATH = YES;
				SDKROOT = iphoneos;
				SWIFT_COMPILATION_MODE = wholemodule;
				SWIFT_OPTIMIZATION_LEVEL = "-O";
				VALIDATE_PRODUCT = YES;
			};
			name = Release;
		};
		983271E4272752B50010C63A /* Debug */ = {
			isa = XCBuildConfiguration;
			buildSettings = {
				ASSETCATALOG_COMPILER_APPICON_NAME = AppIcon;
				ASSETCATALOG_COMPILER_GLOBAL_ACCENT_COLOR_NAME = AccentColor;
				CODE_SIGN_STYLE = Automatic;
				CURRENT_PROJECT_VERSION = 1;
				DEVELOPMENT_TEAM = B8F644M47X;
				GENERATE_INFOPLIST_FILE = YES;
				INFOPLIST_FILE = DeliveryAppChallenge/Resources/Info.plist;
				INFOPLIST_KEY_UIApplicationSupportsIndirectInputEvents = YES;
				INFOPLIST_KEY_UILaunchStoryboardName = LaunchScreen;
				INFOPLIST_KEY_UIMainStoryboardFile = LaunchScreen;
				INFOPLIST_KEY_UISupportedInterfaceOrientations_iPad = "UIInterfaceOrientationPortrait UIInterfaceOrientationPortraitUpsideDown UIInterfaceOrientationLandscapeLeft UIInterfaceOrientationLandscapeRight";
				INFOPLIST_KEY_UISupportedInterfaceOrientations_iPhone = "UIInterfaceOrientationPortrait UIInterfaceOrientationLandscapeLeft UIInterfaceOrientationLandscapeRight";
				LD_RUNPATH_SEARCH_PATHS = (
					"$(inherited)",
					"@executable_path/Frameworks",
				);
				MARKETING_VERSION = 1.0;
				PRODUCT_BUNDLE_IDENTIFIER = com.devpass.DeliveryAppChallenge;
				PRODUCT_NAME = "$(TARGET_NAME)";
				SWIFT_EMIT_LOC_STRINGS = YES;
				SWIFT_VERSION = 5.0;
				TARGETED_DEVICE_FAMILY = "1,2";
			};
			name = Debug;
		};
		983271E5272752B50010C63A /* Release */ = {
			isa = XCBuildConfiguration;
			buildSettings = {
				ASSETCATALOG_COMPILER_APPICON_NAME = AppIcon;
				ASSETCATALOG_COMPILER_GLOBAL_ACCENT_COLOR_NAME = AccentColor;
				CODE_SIGN_STYLE = Automatic;
				CURRENT_PROJECT_VERSION = 1;
				DEVELOPMENT_TEAM = B8F644M47X;
				GENERATE_INFOPLIST_FILE = YES;
				INFOPLIST_FILE = DeliveryAppChallenge/Resources/Info.plist;
				INFOPLIST_KEY_UIApplicationSupportsIndirectInputEvents = YES;
				INFOPLIST_KEY_UILaunchStoryboardName = LaunchScreen;
				INFOPLIST_KEY_UIMainStoryboardFile = LaunchScreen;
				INFOPLIST_KEY_UISupportedInterfaceOrientations_iPad = "UIInterfaceOrientationPortrait UIInterfaceOrientationPortraitUpsideDown UIInterfaceOrientationLandscapeLeft UIInterfaceOrientationLandscapeRight";
				INFOPLIST_KEY_UISupportedInterfaceOrientations_iPhone = "UIInterfaceOrientationPortrait UIInterfaceOrientationLandscapeLeft UIInterfaceOrientationLandscapeRight";
				LD_RUNPATH_SEARCH_PATHS = (
					"$(inherited)",
					"@executable_path/Frameworks",
				);
				MARKETING_VERSION = 1.0;
				PRODUCT_BUNDLE_IDENTIFIER = com.devpass.DeliveryAppChallenge;
				PRODUCT_NAME = "$(TARGET_NAME)";
				SWIFT_EMIT_LOC_STRINGS = YES;
				SWIFT_VERSION = 5.0;
				TARGETED_DEVICE_FAMILY = "1,2";
			};
			name = Release;
		};
		983271E7272752B50010C63A /* Debug */ = {
			isa = XCBuildConfiguration;
			buildSettings = {
				ALWAYS_EMBED_SWIFT_STANDARD_LIBRARIES = YES;
				BUNDLE_LOADER = "$(TEST_HOST)";
				CODE_SIGN_STYLE = Automatic;
				CURRENT_PROJECT_VERSION = 1;
				DEVELOPMENT_TEAM = B8F644M47X;
				GENERATE_INFOPLIST_FILE = YES;
				IPHONEOS_DEPLOYMENT_TARGET = 15.0;
				LD_RUNPATH_SEARCH_PATHS = (
					"$(inherited)",
					"@executable_path/Frameworks",
					"@loader_path/Frameworks",
				);
				MARKETING_VERSION = 1.0;
				PRODUCT_BUNDLE_IDENTIFIER = com.devpass.DeliveryAppChallengeTests;
				PRODUCT_NAME = "$(TARGET_NAME)";
				SWIFT_EMIT_LOC_STRINGS = NO;
				SWIFT_VERSION = 5.0;
				TARGETED_DEVICE_FAMILY = "1,2";
				TEST_HOST = "$(BUILT_PRODUCTS_DIR)/DeliveryAppChallenge.app/DeliveryAppChallenge";
			};
			name = Debug;
		};
		983271E8272752B50010C63A /* Release */ = {
			isa = XCBuildConfiguration;
			buildSettings = {
				ALWAYS_EMBED_SWIFT_STANDARD_LIBRARIES = YES;
				BUNDLE_LOADER = "$(TEST_HOST)";
				CODE_SIGN_STYLE = Automatic;
				CURRENT_PROJECT_VERSION = 1;
				DEVELOPMENT_TEAM = B8F644M47X;
				GENERATE_INFOPLIST_FILE = YES;
				IPHONEOS_DEPLOYMENT_TARGET = 15.0;
				LD_RUNPATH_SEARCH_PATHS = (
					"$(inherited)",
					"@executable_path/Frameworks",
					"@loader_path/Frameworks",
				);
				MARKETING_VERSION = 1.0;
				PRODUCT_BUNDLE_IDENTIFIER = com.devpass.DeliveryAppChallengeTests;
				PRODUCT_NAME = "$(TARGET_NAME)";
				SWIFT_EMIT_LOC_STRINGS = NO;
				SWIFT_VERSION = 5.0;
				TARGETED_DEVICE_FAMILY = "1,2";
				TEST_HOST = "$(BUILT_PRODUCTS_DIR)/DeliveryAppChallenge.app/DeliveryAppChallenge";
			};
			name = Release;
		};
/* End XCBuildConfiguration section */

/* Begin XCConfigurationList section */
		983271B4272752AF0010C63A /* Build configuration list for PBXProject "DeliveryAppChallenge" */ = {
			isa = XCConfigurationList;
			buildConfigurations = (
				983271E1272752B50010C63A /* Debug */,
				983271E2272752B50010C63A /* Release */,
			);
			defaultConfigurationIsVisible = 0;
			defaultConfigurationName = Release;
		};
		983271E3272752B50010C63A /* Build configuration list for PBXNativeTarget "DeliveryAppChallenge" */ = {
			isa = XCConfigurationList;
			buildConfigurations = (
				983271E4272752B50010C63A /* Debug */,
				983271E5272752B50010C63A /* Release */,
			);
			defaultConfigurationIsVisible = 0;
			defaultConfigurationName = Release;
		};
		983271E6272752B50010C63A /* Build configuration list for PBXNativeTarget "DeliveryAppChallengeTests" */ = {
			isa = XCConfigurationList;
			buildConfigurations = (
				983271E7272752B50010C63A /* Debug */,
				983271E8272752B50010C63A /* Release */,
			);
			defaultConfigurationIsVisible = 0;
			defaultConfigurationName = Release;
		};
/* End XCConfigurationList section */
	};
	rootObject = 983271B1272752AF0010C63A /* Project object */;
}
